
Microsoft Visual Studio Solution File, Format Version 12.00
# Visual Studio Version 17
VisualStudioVersion = 17.0.31912.275
MinimumVisualStudioVersion = 10.0.40219.1
Project("{9A19103F-16F7-4668-BE54-9A1E7A4F7556}") = "Guden.Entities", "Guden.Entities\Guden.Entities.csproj", "{9AC01ED9-7A73-4AD4-B91E-BFF8B326543E}"
EndProject
Project("{9A19103F-16F7-4668-BE54-9A1E7A4F7556}") = "Guden.DataAccess", "Guden.DataAccess\Guden.DataAccess.csproj", "{9C47D405-FD98-497C-86C8-75EF9FCD865C}"
EndProject
Project("{9A19103F-16F7-4668-BE54-9A1E7A4F7556}") = "Guden.Core", "Guden.Core\Guden.Core.csproj", "{0A7BB611-FB4E-4C03-AE61-1E9972D1773E}"
EndProject
Project("{9A19103F-16F7-4668-BE54-9A1E7A4F7556}") = "Guden.Business", "Guden.Business\Guden.Business.csproj", "{D27D799A-B268-4AAA-9F36-A0F436B71691}"
EndProject
Project("{9A19103F-16F7-4668-BE54-9A1E7A4F7556}") = "Guden.Api", "Guden.Api\Guden.Api.csproj", "{94CC26A8-45F1-43DF-B57C-4C0FBB98FC05}"
EndProject
Global
	GlobalSection(SolutionConfigurationPlatforms) = preSolution
		Debug|Any CPU = Debug|Any CPU
		Release|Any CPU = Release|Any CPU
	EndGlobalSection
	GlobalSection(ProjectConfigurationPlatforms) = postSolution
		{9AC01ED9-7A73-4AD4-B91E-BFF8B326543E}.Debug|Any CPU.ActiveCfg = Debug|Any CPU
		{9AC01ED9-7A73-4AD4-B91E-BFF8B326543E}.Debug|Any CPU.Build.0 = Debug|Any CPU
		{9AC01ED9-7A73-4AD4-B91E-BFF8B326543E}.Release|Any CPU.ActiveCfg = Release|Any CPU
		{9AC01ED9-7A73-4AD4-B91E-BFF8B326543E}.Release|Any CPU.Build.0 = Release|Any CPU
		{9C47D405-FD98-497C-86C8-75EF9FCD865C}.Debug|Any CPU.ActiveCfg = Debug|Any CPU
		{9C47D405-FD98-497C-86C8-75EF9FCD865C}.Debug|Any CPU.Build.0 = Debug|Any CPU
		{9C47D405-FD98-497C-86C8-75EF9FCD865C}.Release|Any CPU.ActiveCfg = Release|Any CPU
		{9C47D405-FD98-497C-86C8-75EF9FCD865C}.Release|Any CPU.Build.0 = Release|Any CPU
		{0A7BB611-FB4E-4C03-AE61-1E9972D1773E}.Debug|Any CPU.ActiveCfg = Debug|Any CPU
		{0A7BB611-FB4E-4C03-AE61-1E9972D1773E}.Debug|Any CPU.Build.0 = Debug|Any CPU
		{0A7BB611-FB4E-4C03-AE61-1E9972D1773E}.Release|Any CPU.ActiveCfg = Release|Any CPU
		{0A7BB611-FB4E-4C03-AE61-1E9972D1773E}.Release|Any CPU.Build.0 = Release|Any CPU
		{D27D799A-B268-4AAA-9F36-A0F436B71691}.Debug|Any CPU.ActiveCfg = Debug|Any CPU
		{D27D799A-B268-4AAA-9F36-A0F436B71691}.Debug|Any CPU.Build.0 = Debug|Any CPU
		{D27D799A-B268-4AAA-9F36-A0F436B71691}.Release|Any CPU.ActiveCfg = Release|Any CPU
		{D27D799A-B268-4AAA-9F36-A0F436B71691}.Release|Any CPU.Build.0 = Release|Any CPU
		{94CC26A8-45F1-43DF-B57C-4C0FBB98FC05}.Debug|Any CPU.ActiveCfg = Debug|Any CPU
		{94CC26A8-45F1-43DF-B57C-4C0FBB98FC05}.Debug|Any CPU.Build.0 = Debug|Any CPU
		{94CC26A8-45F1-43DF-B57C-4C0FBB98FC05}.Release|Any CPU.ActiveCfg = Release|Any CPU
		{94CC26A8-45F1-43DF-B57C-4C0FBB98FC05}.Release|Any CPU.Build.0 = Release|Any CPU
	EndGlobalSection
	GlobalSection(SolutionProperties) = preSolution
		HideSolutionNode = FALSE
	EndGlobalSection
	GlobalSection(ExtensibilityGlobals) = postSolution
		SolutionGuid = {6C619366-0D6B-49A5-ABE4-97F5017451DD}
	EndGlobalSection
EndGlobal
